
Microsoft Visual Studio Solution File, Format Version 12.00
# Visual Studio Version 16
VisualStudioVersion = 16.0.29009.5
MinimumVisualStudioVersion = 10.0.40219.1
Project("{9A19103F-16F7-4668-BE54-9A1E7A4F7556}") = "PizzaAPI", "PizzaAPI\PizzaAPI.csproj", "{18B38901-AEBD-4214-B903-8EB3636FB59B}"
EndProject
Project("{9A19103F-16F7-4668-BE54-9A1E7A4F7556}") = "PizzaEntities", "PizzaEntities\PizzaEntities\PizzaEntities.csproj", "{71D71D41-9276-41FF-9E8C-9FDD8060D292}"
EndProject
Global
	GlobalSection(SolutionConfigurationPlatforms) = preSolution
		Debug|Any CPU = Debug|Any CPU
		Release|Any CPU = Release|Any CPU
	EndGlobalSection
	GlobalSection(ProjectConfigurationPlatforms) = postSolution
		{18B38901-AEBD-4214-B903-8EB3636FB59B}.Debug|Any CPU.ActiveCfg = Debug|Any CPU
		{18B38901-AEBD-4214-B903-8EB3636FB59B}.Debug|Any CPU.Build.0 = Debug|Any CPU
		{18B38901-AEBD-4214-B903-8EB3636FB59B}.Release|Any CPU.ActiveCfg = Release|Any CPU
		{18B38901-AEBD-4214-B903-8EB3636FB59B}.Release|Any CPU.Build.0 = Release|Any CPU
		{71D71D41-9276-41FF-9E8C-9FDD8060D292}.Debug|Any CPU.ActiveCfg = Debug|Any CPU
		{71D71D41-9276-41FF-9E8C-9FDD8060D292}.Debug|Any CPU.Build.0 = Debug|Any CPU
		{71D71D41-9276-41FF-9E8C-9FDD8060D292}.Release|Any CPU.ActiveCfg = Release|Any CPU
		{71D71D41-9276-41FF-9E8C-9FDD8060D292}.Release|Any CPU.Build.0 = Release|Any CPU
	EndGlobalSection
	GlobalSection(SolutionProperties) = preSolution
		HideSolutionNode = FALSE
	EndGlobalSection
	GlobalSection(ExtensibilityGlobals) = postSolution
		SolutionGuid = {7687FDC6-8D82-436B-9C03-AF443814C7FD}
	EndGlobalSection
EndGlobal
