
Microsoft Visual Studio Solution File, Format Version 12.00
# Visual Studio Version 16
VisualStudioVersion = 16.0.29009.5
MinimumVisualStudioVersion = 10.0.40219.1
Project("{FAE04EC0-301F-11D3-BF4B-00C04F79EFBC}") = "PizzaApp", "PizzaApp\PizzaApp.csproj", "{DE66FEDC-4A64-4086-9534-09DC2F68FB9C}"
EndProject
Project("{9A19103F-16F7-4668-BE54-9A1E7A4F7556}") = "PizzaEntities", "..\PizzaEntities\PizzaEntities\PizzaEntities.csproj", "{9C29CA2B-9665-4A29-A86B-12A37E7885A3}"
EndProject
Global
	GlobalSection(SolutionConfigurationPlatforms) = preSolution
		Debug|Any CPU = Debug|Any CPU
		Release|Any CPU = Release|Any CPU
	EndGlobalSection
	GlobalSection(ProjectConfigurationPlatforms) = postSolution
		{DE66FEDC-4A64-4086-9534-09DC2F68FB9C}.Debug|Any CPU.ActiveCfg = Debug|Any CPU
		{DE66FEDC-4A64-4086-9534-09DC2F68FB9C}.Debug|Any CPU.Build.0 = Debug|Any CPU
		{DE66FEDC-4A64-4086-9534-09DC2F68FB9C}.Release|Any CPU.ActiveCfg = Release|Any CPU
		{DE66FEDC-4A64-4086-9534-09DC2F68FB9C}.Release|Any CPU.Build.0 = Release|Any CPU
		{9C29CA2B-9665-4A29-A86B-12A37E7885A3}.Debug|Any CPU.ActiveCfg = Debug|Any CPU
		{9C29CA2B-9665-4A29-A86B-12A37E7885A3}.Debug|Any CPU.Build.0 = Debug|Any CPU
		{9C29CA2B-9665-4A29-A86B-12A37E7885A3}.Release|Any CPU.ActiveCfg = Release|Any CPU
		{9C29CA2B-9665-4A29-A86B-12A37E7885A3}.Release|Any CPU.Build.0 = Release|Any CPU
	EndGlobalSection
	GlobalSection(SolutionProperties) = preSolution
		HideSolutionNode = FALSE
	EndGlobalSection
	GlobalSection(ExtensibilityGlobals) = postSolution
		SolutionGuid = {E371CFDF-A48C-4CF3-AE7A-C998FBDCFD6A}
	EndGlobalSection
EndGlobal
